
Microsoft Visual Studio Solution File, Format Version 12.00
# Visual Studio Version 16
VisualStudioVersion = 16.0.31321.278
MinimumVisualStudioVersion = 10.0.40219.1
Project("{FAE04EC0-301F-11D3-BF4B-00C04F79EFBC}") = "Mika", "Mika.csproj", "{179CC091-73AA-421D-B382-3B1D72ADAF21}"
EndProject
Global
	GlobalSection(SolutionConfigurationPlatforms) = preSolution
		Debug|Any CPU = Debug|Any CPU
		Release|Any CPU = Release|Any CPU
	EndGlobalSection
	GlobalSection(ProjectConfigurationPlatforms) = postSolution
		{179CC091-73AA-421D-B382-3B1D72ADAF21}.Debug|Any CPU.ActiveCfg = Debug|Any CPU
		{179CC091-73AA-421D-B382-3B1D72ADAF21}.Debug|Any CPU.Build.0 = Debug|Any CPU
		{179CC091-73AA-421D-B382-3B1D72ADAF21}.Release|Any CPU.ActiveCfg = Release|Any CPU
		{179CC091-73AA-421D-B382-3B1D72ADAF21}.Release|Any CPU.Build.0 = Release|Any CPU
	EndGlobalSection
	GlobalSection(SolutionProperties) = preSolution
		HideSolutionNode = FALSE
	EndGlobalSection
	GlobalSection(ExtensibilityGlobals) = postSolution
		SolutionGuid = {C47101A1-F678-4EB0-A0EC-1451C5718913}
	EndGlobalSection
EndGlobal
